// !$*UTF8*$!
{
	archiveVersion = 1;
	classes = {
	};
	objectVersion = 46;
	objects = {

/* Begin PBXBuildFile section */
		8931DBD11AE8AF8D00712F49 /* POPAnimation+Extend.m in Sources */ = {isa = PBXBuildFile; fileRef = 8931DB8C1AE8AF8D00712F49 /* POPAnimation+Extend.m */; };
		8931DBD21AE8AF8D00712F49 /* POPBasicAnimation+Extend.m in Sources */ = {isa = PBXBuildFile; fileRef = 8931DB8E1AE8AF8D00712F49 /* POPBasicAnimation+Extend.m */; };
		8931DBD31AE8AF8D00712F49 /* POPDecayAnimation+Extend.m in Sources */ = {isa = PBXBuildFile; fileRef = 8931DB901AE8AF8D00712F49 /* POPDecayAnimation+Extend.m */; };
		8931DBD41AE8AF8D00712F49 /* POPSpringAnimation+Extend.m in Sources */ = {isa = PBXBuildFile; fileRef = 8931DB921AE8AF8D00712F49 /* POPSpringAnimation+Extend.m */; };
		8931DBD51AE8AF8D00712F49 /* InfoPlist.strings in Resources */ = {isa = PBXBuildFile; fileRef = 8931DB941AE8AF8D00712F49 /* InfoPlist.strings */; };
		8931DBD61AE8AF8D00712F49 /* pop-Info.plist in Resources */ = {isa = PBXBuildFile; fileRef = 8931DB961AE8AF8D00712F49 /* pop-Info.plist */; };
		8931DBD71AE8AF8D00712F49 /* POPAnimatableProperty.mm in Sources */ = {isa = PBXBuildFile; fileRef = 8931DB9B1AE8AF8D00712F49 /* POPAnimatableProperty.mm */; };
		8931DBD81AE8AF8D00712F49 /* POPAnimation.mm in Sources */ = {isa = PBXBuildFile; fileRef = 8931DB9D1AE8AF8D00712F49 /* POPAnimation.mm */; };
		8931DBD91AE8AF8D00712F49 /* POPAnimationEvent.mm in Sources */ = {isa = PBXBuildFile; fileRef = 8931DB9F1AE8AF8D00712F49 /* POPAnimationEvent.mm */; };
		8931DBDA1AE8AF8D00712F49 /* POPAnimationExtras.mm in Sources */ = {isa = PBXBuildFile; fileRef = 8931DBA21AE8AF8D00712F49 /* POPAnimationExtras.mm */; };
		8931DBDB1AE8AF8D00712F49 /* POPAnimationRuntime.mm in Sources */ = {isa = PBXBuildFile; fileRef = 8931DBA61AE8AF8D00712F49 /* POPAnimationRuntime.mm */; };
		8931DBDC1AE8AF8D00712F49 /* POPAnimationTracer.mm in Sources */ = {isa = PBXBuildFile; fileRef = 8931DBA81AE8AF8D00712F49 /* POPAnimationTracer.mm */; };
		8931DBDD1AE8AF8D00712F49 /* POPAnimator.mm in Sources */ = {isa = PBXBuildFile; fileRef = 8931DBAB1AE8AF8D00712F49 /* POPAnimator.mm */; };
		8931DBDE1AE8AF8D00712F49 /* POPBasicAnimation.mm in Sources */ = {isa = PBXBuildFile; fileRef = 8931DBAE1AE8AF8D00712F49 /* POPBasicAnimation.mm */; };
		8931DBDF1AE8AF8D00712F49 /* POPCGUtils.mm in Sources */ = {isa = PBXBuildFile; fileRef = 8931DBB11AE8AF8D00712F49 /* POPCGUtils.mm */; };
		8931DBE01AE8AF8D00712F49 /* POPCustomAnimation.mm in Sources */ = {isa = PBXBuildFile; fileRef = 8931DBB31AE8AF8D00712F49 /* POPCustomAnimation.mm */; };
		8931DBE11AE8AF8D00712F49 /* POPDecayAnimation.mm in Sources */ = {isa = PBXBuildFile; fileRef = 8931DBB51AE8AF8D00712F49 /* POPDecayAnimation.mm */; };
		8931DBE21AE8AF8D00712F49 /* POPGeometry.mm in Sources */ = {isa = PBXBuildFile; fileRef = 8931DBB91AE8AF8D00712F49 /* POPGeometry.mm */; };
		8931DBE31AE8AF8D00712F49 /* POPLayerExtras.mm in Sources */ = {isa = PBXBuildFile; fileRef = 8931DBBB1AE8AF8D00712F49 /* POPLayerExtras.mm */; };
		8931DBE41AE8AF8D00712F49 /* POPMath.mm in Sources */ = {isa = PBXBuildFile; fileRef = 8931DBBD1AE8AF8D00712F49 /* POPMath.mm */; };
		8931DBE51AE8AF8D00712F49 /* POPPropertyAnimation.mm in Sources */ = {isa = PBXBuildFile; fileRef = 8931DBBF1AE8AF8D00712F49 /* POPPropertyAnimation.mm */; };
		8931DBE61AE8AF8D00712F49 /* POPSpringAnimation.mm in Sources */ = {isa = PBXBuildFile; fileRef = 8931DBC21AE8AF8D00712F49 /* POPSpringAnimation.mm */; };
		8931DBE71AE8AF8D00712F49 /* POPVector.mm in Sources */ = {isa = PBXBuildFile; fileRef = 8931DBC61AE8AF8D00712F49 /* POPVector.mm */; };
		8931DBE81AE8AF8D00712F49 /* TransformationMatrix.cpp in Sources */ = {isa = PBXBuildFile; fileRef = 8931DBC91AE8AF8D00712F49 /* TransformationMatrix.cpp */; };
		8931DBE91AE8AF8D00712F49 /* PopAnimParamModel.m in Sources */ = {isa = PBXBuildFile; fileRef = 8931DBCE1AE8AF8D00712F49 /* PopAnimParamModel.m */; };
		8931DBEA1AE8AF8D00712F49 /* NSObject+Pop.m in Sources */ = {isa = PBXBuildFile; fileRef = 8931DBD01AE8AF8D00712F49 /* NSObject+Pop.m */; };
		89A5E4041AE4E6BA001F6535 /* main.m in Sources */ = {isa = PBXBuildFile; fileRef = 89A5E4031AE4E6BA001F6535 /* main.m */; };
		89A5E4071AE4E6BA001F6535 /* AppDelegate.m in Sources */ = {isa = PBXBuildFile; fileRef = 89A5E4061AE4E6BA001F6535 /* AppDelegate.m */; };
		89A5E40A1AE4E6BA001F6535 /* ViewController.m in Sources */ = {isa = PBXBuildFile; fileRef = 89A5E4091AE4E6BA001F6535 /* ViewController.m */; };
		89A5E40D1AE4E6BA001F6535 /* Main.storyboard in Resources */ = {isa = PBXBuildFile; fileRef = 89A5E40B1AE4E6BA001F6535 /* Main.storyboard */; };
		89A5E40F1AE4E6BA001F6535 /* Images.xcassets in Resources */ = {isa = PBXBuildFile; fileRef = 89A5E40E1AE4E6BA001F6535 /* Images.xcassets */; };
		89A5E4121AE4E6BA001F6535 /* LaunchScreen.xib in Resources */ = {isa = PBXBuildFile; fileRef = 89A5E4101AE4E6BA001F6535 /* LaunchScreen.xib */; };
		89A5E41E1AE4E6BA001F6535 /* PopTests.m in Sources */ = {isa = PBXBuildFile; fileRef = 89A5E41D1AE4E6BA001F6535 /* PopTests.m */; };
/* End PBXBuildFile section */

/* Begin PBXContainerItemProxy section */
		89A5E4181AE4E6BA001F6535 /* PBXContainerItemProxy */ = {
			isa = PBXContainerItemProxy;
			containerPortal = 89A5E3F61AE4E6BA001F6535 /* Project object */;
			proxyType = 1;
			remoteGlobalIDString = 89A5E3FD1AE4E6BA001F6535;
			remoteInfo = Pop;
		};
/* End PBXContainerItemProxy section */

/* Begin PBXFileReference section */
		8931DB8B1AE8AF8D00712F49 /* POPAnimation+Extend.h */ = {isa = PBXFileReference; fileEncoding = 4; lastKnownFileType = sourcecode.c.h; path = "POPAnimation+Extend.h"; sourceTree = "<group>"; };
		8931DB8C1AE8AF8D00712F49 /* POPAnimation+Extend.m */ = {isa = PBXFileReference; fileEncoding = 4; lastKnownFileType = sourcecode.c.objc; path = "POPAnimation+Extend.m"; sourceTree = "<group>"; };
		8931DB8D1AE8AF8D00712F49 /* POPBasicAnimation+Extend.h */ = {isa = PBXFileReference; fileEncoding = 4; lastKnownFileType = sourcecode.c.h; path = "POPBasicAnimation+Extend.h"; sourceTree = "<group>"; };
		8931DB8E1AE8AF8D00712F49 /* POPBasicAnimation+Extend.m */ = {isa = PBXFileReference; fileEncoding = 4; lastKnownFileType = sourcecode.c.objc; path = "POPBasicAnimation+Extend.m"; sourceTree = "<group>"; };
		8931DB8F1AE8AF8D00712F49 /* POPDecayAnimation+Extend.h */ = {isa = PBXFileReference; fileEncoding = 4; lastKnownFileType = sourcecode.c.h; path = "POPDecayAnimation+Extend.h"; sourceTree = "<group>"; };
		8931DB901AE8AF8D00712F49 /* POPDecayAnimation+Extend.m */ = {isa = PBXFileReference; fileEncoding = 4; lastKnownFileType = sourcecode.c.objc; path = "POPDecayAnimation+Extend.m"; sourceTree = "<group>"; };
		8931DB911AE8AF8D00712F49 /* POPSpringAnimation+Extend.h */ = {isa = PBXFileReference; fileEncoding = 4; lastKnownFileType = sourcecode.c.h; path = "POPSpringAnimation+Extend.h"; sourceTree = "<group>"; };
		8931DB921AE8AF8D00712F49 /* POPSpringAnimation+Extend.m */ = {isa = PBXFileReference; fileEncoding = 4; lastKnownFileType = sourcecode.c.objc; path = "POPSpringAnimation+Extend.m"; sourceTree = "<group>"; };
		8931DB951AE8AF8D00712F49 /* en */ = {isa = PBXFileReference; lastKnownFileType = text.plist.strings; name = en; path = en.lproj/InfoPlist.strings; sourceTree = "<group>"; };
		8931DB961AE8AF8D00712F49 /* pop-Info.plist */ = {isa = PBXFileReference; fileEncoding = 4; lastKnownFileType = text.plist.xml; path = "pop-Info.plist"; sourceTree = "<group>"; };
		8931DB971AE8AF8D00712F49 /* pop-Prefix.pch */ = {isa = PBXFileReference; fileEncoding = 4; lastKnownFileType = sourcecode.c.h; path = "pop-Prefix.pch"; sourceTree = "<group>"; };
		8931DB981AE8AF8D00712F49 /* POP.h */ = {isa = PBXFileReference; fileEncoding = 4; lastKnownFileType = sourcecode.c.h; path = POP.h; sourceTree = "<group>"; };
		8931DB991AE8AF8D00712F49 /* POPAction.h */ = {isa = PBXFileReference; fileEncoding = 4; lastKnownFileType = sourcecode.c.h; path = POPAction.h; sourceTree = "<group>"; };
		8931DB9A1AE8AF8D00712F49 /* POPAnimatableProperty.h */ = {isa = PBXFileReference; fileEncoding = 4; lastKnownFileType = sourcecode.c.h; path = POPAnimatableProperty.h; sourceTree = "<group>"; };
		8931DB9B1AE8AF8D00712F49 /* POPAnimatableProperty.mm */ = {isa = PBXFileReference; fileEncoding = 4; lastKnownFileType = sourcecode.cpp.objcpp; path = POPAnimatableProperty.mm; sourceTree = "<group>"; };
		8931DB9C1AE8AF8D00712F49 /* POPAnimation.h */ = {isa = PBXFileReference; fileEncoding = 4; lastKnownFileType = sourcecode.c.h; path = POPAnimation.h; sourceTree = "<group>"; };
		8931DB9D1AE8AF8D00712F49 /* POPAnimation.mm */ = {isa = PBXFileReference; fileEncoding = 4; lastKnownFileType = sourcecode.cpp.objcpp; path = POPAnimation.mm; sourceTree = "<group>"; };
		8931DB9E1AE8AF8D00712F49 /* POPAnimationEvent.h */ = {isa = PBXFileReference; fileEncoding = 4; lastKnownFileType = sourcecode.c.h; path = POPAnimationEvent.h; sourceTree = "<group>"; };
		8931DB9F1AE8AF8D00712F49 /* POPAnimationEvent.mm */ = {isa = PBXFileReference; fileEncoding = 4; lastKnownFileType = sourcecode.cpp.objcpp; path = POPAnimationEvent.mm; sourceTree = "<group>"; };
		8931DBA01AE8AF8D00712F49 /* POPAnimationEventInternal.h */ = {isa = PBXFileReference; fileEncoding = 4; lastKnownFileType = sourcecode.c.h; path = POPAnimationEventInternal.h; sourceTree = "<group>"; };
		8931DBA11AE8AF8D00712F49 /* POPAnimationExtras.h */ = {isa = PBXFileReference; fileEncoding = 4; lastKnownFileType = sourcecode.c.h; path = POPAnimationExtras.h; sourceTree = "<group>"; };
		8931DBA21AE8AF8D00712F49 /* POPAnimationExtras.mm */ = {isa = PBXFileReference; fileEncoding = 4; lastKnownFileType = sourcecode.cpp.objcpp; path = POPAnimationExtras.mm; sourceTree = "<group>"; };
		8931DBA31AE8AF8D00712F49 /* POPAnimationInternal.h */ = {isa = PBXFileReference; fileEncoding = 4; lastKnownFileType = sourcecode.c.h; path = POPAnimationInternal.h; sourceTree = "<group>"; };
		8931DBA41AE8AF8D00712F49 /* POPAnimationPrivate.h */ = {isa = PBXFileReference; fileEncoding = 4; lastKnownFileType = sourcecode.c.h; path = POPAnimationPrivate.h; sourceTree = "<group>"; };
		8931DBA51AE8AF8D00712F49 /* POPAnimationRuntime.h */ = {isa = PBXFileReference; fileEncoding = 4; lastKnownFileType = sourcecode.c.h; path = POPAnimationRuntime.h; sourceTree = "<group>"; };
		8931DBA61AE8AF8D00712F49 /* POPAnimationRuntime.mm */ = {isa = PBXFileReference; fileEncoding = 4; lastKnownFileType = sourcecode.cpp.objcpp; path = POPAnimationRuntime.mm; sourceTree = "<group>"; };
		8931DBA71AE8AF8D00712F49 /* POPAnimationTracer.h */ = {isa = PBXFileReference; fileEncoding = 4; lastKnownFileType = sourcecode.c.h; path = POPAnimationTracer.h; sourceTree = "<group>"; };
		8931DBA81AE8AF8D00712F49 /* POPAnimationTracer.mm */ = {isa = PBXFileReference; fileEncoding = 4; lastKnownFileType = sourcecode.cpp.objcpp; path = POPAnimationTracer.mm; sourceTree = "<group>"; };
		8931DBA91AE8AF8D00712F49 /* POPAnimationTracerInternal.h */ = {isa = PBXFileReference; fileEncoding = 4; lastKnownFileType = sourcecode.c.h; path = POPAnimationTracerInternal.h; sourceTree = "<group>"; };
		8931DBAA1AE8AF8D00712F49 /* POPAnimator.h */ = {isa = PBXFileReference; fileEncoding = 4; lastKnownFileType = sourcecode.c.h; path = POPAnimator.h; sourceTree = "<group>"; };
		8931DBAB1AE8AF8D00712F49 /* POPAnimator.mm */ = {isa = PBXFileReference; fileEncoding = 4; lastKnownFileType = sourcecode.cpp.objcpp; path = POPAnimator.mm; sourceTree = "<group>"; };
		8931DBAC1AE8AF8D00712F49 /* POPAnimatorPrivate.h */ = {isa = PBXFileReference; fileEncoding = 4; lastKnownFileType = sourcecode.c.h; path = POPAnimatorPrivate.h; sourceTree = "<group>"; };
		8931DBAD1AE8AF8D00712F49 /* POPBasicAnimation.h */ = {isa = PBXFileReference; fileEncoding = 4; lastKnownFileType = sourcecode.c.h; path = POPBasicAnimation.h; sourceTree = "<group>"; };
		8931DBAE1AE8AF8D00712F49 /* POPBasicAnimation.mm */ = {isa = PBXFileReference; fileEncoding = 4; lastKnownFileType = sourcecode.cpp.objcpp; path = POPBasicAnimation.mm; sourceTree = "<group>"; };
		8931DBAF1AE8AF8D00712F49 /* POPBasicAnimationInternal.h */ = {isa = PBXFileReference; fileEncoding = 4; lastKnownFileType = sourcecode.c.h; path = POPBasicAnimationInternal.h; sourceTree = "<group>"; };
		8931DBB01AE8AF8D00712F49 /* POPCGUtils.h */ = {isa = PBXFileReference; fileEncoding = 4; lastKnownFileType = sourcecode.c.h; path = POPCGUtils.h; sourceTree = "<group>"; };
		8931DBB11AE8AF8D00712F49 /* POPCGUtils.mm */ = {isa = PBXFileReference; fileEncoding = 4; lastKnownFileType = sourcecode.cpp.objcpp; path = POPCGUtils.mm; sourceTree = "<group>"; };
		8931DBB21AE8AF8D00712F49 /* POPCustomAnimation.h */ = {isa = PBXFileReference; fileEncoding = 4; lastKnownFileType = sourcecode.c.h; path = POPCustomAnimation.h; sourceTree = "<group>"; };
		8931DBB31AE8AF8D00712F49 /* POPCustomAnimation.mm */ = {isa = PBXFileReference; fileEncoding = 4; lastKnownFileType = sourcecode.cpp.objcpp; path = POPCustomAnimation.mm; sourceTree = "<group>"; };
		8931DBB41AE8AF8D00712F49 /* POPDecayAnimation.h */ = {isa = PBXFileReference; fileEncoding = 4; lastKnownFileType = sourcecode.c.h; path = POPDecayAnimation.h; sourceTree = "<group>"; };
		8931DBB51AE8AF8D00712F49 /* POPDecayAnimation.mm */ = {isa = PBXFileReference; fileEncoding = 4; lastKnownFileType = sourcecode.cpp.objcpp; path = POPDecayAnimation.mm; sourceTree = "<group>"; };
		8931DBB61AE8AF8D00712F49 /* POPDecayAnimationInternal.h */ = {isa = PBXFileReference; fileEncoding = 4; lastKnownFileType = sourcecode.c.h; path = POPDecayAnimationInternal.h; sourceTree = "<group>"; };
		8931DBB71AE8AF8D00712F49 /* POPDefines.h */ = {isa = PBXFileReference; fileEncoding = 4; lastKnownFileType = sourcecode.c.h; path = POPDefines.h; sourceTree = "<group>"; };
		8931DBB81AE8AF8D00712F49 /* POPGeometry.h */ = {isa = PBXFileReference; fileEncoding = 4; lastKnownFileType = sourcecode.c.h; path = POPGeometry.h; sourceTree = "<group>"; };
		8931DBB91AE8AF8D00712F49 /* POPGeometry.mm */ = {isa = PBXFileReference; fileEncoding = 4; lastKnownFileType = sourcecode.cpp.objcpp; path = POPGeometry.mm; sourceTree = "<group>"; };
		8931DBBA1AE8AF8D00712F49 /* POPLayerExtras.h */ = {isa = PBXFileReference; fileEncoding = 4; lastKnownFileType = sourcecode.c.h; path = POPLayerExtras.h; sourceTree = "<group>"; };
		8931DBBB1AE8AF8D00712F49 /* POPLayerExtras.mm */ = {isa = PBXFileReference; fileEncoding = 4; lastKnownFileType = sourcecode.cpp.objcpp; path = POPLayerExtras.mm; sourceTree = "<group>"; };
		8931DBBC1AE8AF8D00712F49 /* POPMath.h */ = {isa = PBXFileReference; fileEncoding = 4; lastKnownFileType = sourcecode.c.h; path = POPMath.h; sourceTree = "<group>"; };
		8931DBBD1AE8AF8D00712F49 /* POPMath.mm */ = {isa = PBXFileReference; fileEncoding = 4; lastKnownFileType = sourcecode.cpp.objcpp; path = POPMath.mm; sourceTree = "<group>"; };
		8931DBBE1AE8AF8D00712F49 /* POPPropertyAnimation.h */ = {isa = PBXFileReference; fileEncoding = 4; lastKnownFileType = sourcecode.c.h; path = POPPropertyAnimation.h; sourceTree = "<group>"; };
		8931DBBF1AE8AF8D00712F49 /* POPPropertyAnimation.mm */ = {isa = PBXFileReference; fileEncoding = 4; lastKnownFileType = sourcecode.cpp.objcpp; path = POPPropertyAnimation.mm; sourceTree = "<group>"; };
		8931DBC01AE8AF8D00712F49 /* POPPropertyAnimationInternal.h */ = {isa = PBXFileReference; fileEncoding = 4; lastKnownFileType = sourcecode.c.h; path = POPPropertyAnimationInternal.h; sourceTree = "<group>"; };
		8931DBC11AE8AF8D00712F49 /* POPSpringAnimation.h */ = {isa = PBXFileReference; fileEncoding = 4; lastKnownFileType = sourcecode.c.h; path = POPSpringAnimation.h; sourceTree = "<group>"; };
		8931DBC21AE8AF8D00712F49 /* POPSpringAnimation.mm */ = {isa = PBXFileReference; fileEncoding = 4; lastKnownFileType = sourcecode.cpp.objcpp; path = POPSpringAnimation.mm; sourceTree = "<group>"; };
		8931DBC31AE8AF8D00712F49 /* POPSpringAnimationInternal.h */ = {isa = PBXFileReference; fileEncoding = 4; lastKnownFileType = sourcecode.c.h; path = POPSpringAnimationInternal.h; sourceTree = "<group>"; };
		8931DBC41AE8AF8D00712F49 /* POPSpringSolver.h */ = {isa = PBXFileReference; fileEncoding = 4; lastKnownFileType = sourcecode.c.h; path = POPSpringSolver.h; sourceTree = "<group>"; };
		8931DBC51AE8AF8D00712F49 /* POPVector.h */ = {isa = PBXFileReference; fileEncoding = 4; lastKnownFileType = sourcecode.c.h; path = POPVector.h; sourceTree = "<group>"; };
		8931DBC61AE8AF8D00712F49 /* POPVector.mm */ = {isa = PBXFileReference; fileEncoding = 4; lastKnownFileType = sourcecode.cpp.objcpp; path = POPVector.mm; sourceTree = "<group>"; };
		8931DBC81AE8AF8D00712F49 /* FloatConversion.h */ = {isa = PBXFileReference; fileEncoding = 4; lastKnownFileType = sourcecode.c.h; path = FloatConversion.h; sourceTree = "<group>"; };
		8931DBC91AE8AF8D00712F49 /* TransformationMatrix.cpp */ = {isa = PBXFileReference; fileEncoding = 4; lastKnownFileType = sourcecode.cpp.cpp; path = TransformationMatrix.cpp; sourceTree = "<group>"; };
		8931DBCA1AE8AF8D00712F49 /* TransformationMatrix.h */ = {isa = PBXFileReference; fileEncoding = 4; lastKnownFileType = sourcecode.c.h; path = TransformationMatrix.h; sourceTree = "<group>"; };
		8931DBCB1AE8AF8D00712F49 /* UnitBezier.h */ = {isa = PBXFileReference; fileEncoding = 4; lastKnownFileType = sourcecode.c.h; path = UnitBezier.h; sourceTree = "<group>"; };
		8931DBCD1AE8AF8D00712F49 /* PopAnimParamModel.h */ = {isa = PBXFileReference; fileEncoding = 4; lastKnownFileType = sourcecode.c.h; path = PopAnimParamModel.h; sourceTree = "<group>"; };
		8931DBCE1AE8AF8D00712F49 /* PopAnimParamModel.m */ = {isa = PBXFileReference; fileEncoding = 4; lastKnownFileType = sourcecode.c.objc; path = PopAnimParamModel.m; sourceTree = "<group>"; };
		8931DBCF1AE8AF8D00712F49 /* NSObject+Pop.h */ = {isa = PBXFileReference; fileEncoding = 4; lastKnownFileType = sourcecode.c.h; path = "NSObject+Pop.h"; sourceTree = "<group>"; };
		8931DBD01AE8AF8D00712F49 /* NSObject+Pop.m */ = {isa = PBXFileReference; fileEncoding = 4; lastKnownFileType = sourcecode.c.objc; path = "NSObject+Pop.m"; sourceTree = "<group>"; };
		89A5E3FE1AE4E6BA001F6535 /* Pop.app */ = {isa = PBXFileReference; explicitFileType = wrapper.application; includeInIndex = 0; path = Pop.app; sourceTree = BUILT_PRODUCTS_DIR; };
		89A5E4021AE4E6BA001F6535 /* Info.plist */ = {isa = PBXFileReference; lastKnownFileType = text.plist.xml; path = Info.plist; sourceTree = "<group>"; };
		89A5E4031AE4E6BA001F6535 /* main.m */ = {isa = PBXFileReference; lastKnownFileType = sourcecode.c.objc; path = main.m; sourceTree = "<group>"; };
		89A5E4051AE4E6BA001F6535 /* AppDelegate.h */ = {isa = PBXFileReference; lastKnownFileType = sourcecode.c.h; path = AppDelegate.h; sourceTree = "<group>"; };
		89A5E4061AE4E6BA001F6535 /* AppDelegate.m */ = {isa = PBXFileReference; lastKnownFileType = sourcecode.c.objc; path = AppDelegate.m; sourceTree = "<group>"; };
		89A5E4081AE4E6BA001F6535 /* ViewController.h */ = {isa = PBXFileReference; lastKnownFileType = sourcecode.c.h; path = ViewController.h; sourceTree = "<group>"; };
		89A5E4091AE4E6BA001F6535 /* ViewController.m */ = {isa = PBXFileReference; lastKnownFileType = sourcecode.c.objc; path = ViewController.m; sourceTree = "<group>"; };
		89A5E40C1AE4E6BA001F6535 /* Base */ = {isa = PBXFileReference; lastKnownFileType = file.storyboard; name = Base; path = Base.lproj/Main.storyboard; sourceTree = "<group>"; };
		89A5E40E1AE4E6BA001F6535 /* Images.xcassets */ = {isa = PBXFileReference; lastKnownFileType = folder.assetcatalog; path = Images.xcassets; sourceTree = "<group>"; };
		89A5E4111AE4E6BA001F6535 /* Base */ = {isa = PBXFileReference; lastKnownFileType = file.xib; name = Base; path = Base.lproj/LaunchScreen.xib; sourceTree = "<group>"; };
		89A5E4171AE4E6BA001F6535 /* PopTests.xctest */ = {isa = PBXFileReference; explicitFileType = wrapper.cfbundle; includeInIndex = 0; path = PopTests.xctest; sourceTree = BUILT_PRODUCTS_DIR; };
		89A5E41C1AE4E6BA001F6535 /* Info.plist */ = {isa = PBXFileReference; lastKnownFileType = text.plist.xml; path = Info.plist; sourceTree = "<group>"; };
		89A5E41D1AE4E6BA001F6535 /* PopTests.m */ = {isa = PBXFileReference; lastKnownFileType = sourcecode.c.objc; path = PopTests.m; sourceTree = "<group>"; };
/* End PBXFileReference section */

/* Begin PBXFrameworksBuildPhase section */
		89A5E3FB1AE4E6BA001F6535 /* Frameworks */ = {
			isa = PBXFrameworksBuildPhase;
			buildActionMask = 2147483647;
			files = (
			);
			runOnlyForDeploymentPostprocessing = 0;
		};
		89A5E4141AE4E6BA001F6535 /* Frameworks */ = {
			isa = PBXFrameworksBuildPhase;
			buildActionMask = 2147483647;
			files = (
			);
			runOnlyForDeploymentPostprocessing = 0;
		};
/* End PBXFrameworksBuildPhase section */

/* Begin PBXGroup section */
		8931DB891AE8AF8D00712F49 /* Pop */ = {
			isa = PBXGroup;
			children = (
				8931DB8A1AE8AF8D00712F49 /* Category */,
				8931DB931AE8AF8D00712F49 /* Lib */,
				8931DBCC1AE8AF8D00712F49 /* Model */,
				8931DBCF1AE8AF8D00712F49 /* NSObject+Pop.h */,
				8931DBD01AE8AF8D00712F49 /* NSObject+Pop.m */,
			);
			path = Pop;
			sourceTree = "<group>";
		};
		8931DB8A1AE8AF8D00712F49 /* Category */ = {
			isa = PBXGroup;
			children = (
				8931DB8B1AE8AF8D00712F49 /* POPAnimation+Extend.h */,
				8931DB8C1AE8AF8D00712F49 /* POPAnimation+Extend.m */,
				8931DB8D1AE8AF8D00712F49 /* POPBasicAnimation+Extend.h */,
				8931DB8E1AE8AF8D00712F49 /* POPBasicAnimation+Extend.m */,
				8931DB8F1AE8AF8D00712F49 /* POPDecayAnimation+Extend.h */,
				8931DB901AE8AF8D00712F49 /* POPDecayAnimation+Extend.m */,
				8931DB911AE8AF8D00712F49 /* POPSpringAnimation+Extend.h */,
				8931DB921AE8AF8D00712F49 /* POPSpringAnimation+Extend.m */,
			);
			path = Category;
			sourceTree = "<group>";
		};
		8931DB931AE8AF8D00712F49 /* Lib */ = {
			isa = PBXGroup;
			children = (
				8931DB941AE8AF8D00712F49 /* InfoPlist.strings */,
				8931DB961AE8AF8D00712F49 /* pop-Info.plist */,
				8931DB971AE8AF8D00712F49 /* pop-Prefix.pch */,
				8931DB981AE8AF8D00712F49 /* POP.h */,
				8931DB991AE8AF8D00712F49 /* POPAction.h */,
				8931DB9A1AE8AF8D00712F49 /* POPAnimatableProperty.h */,
				8931DB9B1AE8AF8D00712F49 /* POPAnimatableProperty.mm */,
				8931DB9C1AE8AF8D00712F49 /* POPAnimation.h */,
				8931DB9D1AE8AF8D00712F49 /* POPAnimation.mm */,
				8931DB9E1AE8AF8D00712F49 /* POPAnimationEvent.h */,
				8931DB9F1AE8AF8D00712F49 /* POPAnimationEvent.mm */,
				8931DBA01AE8AF8D00712F49 /* POPAnimationEventInternal.h */,
				8931DBA11AE8AF8D00712F49 /* POPAnimationExtras.h */,
				8931DBA21AE8AF8D00712F49 /* POPAnimationExtras.mm */,
				8931DBA31AE8AF8D00712F49 /* POPAnimationInternal.h */,
				8931DBA41AE8AF8D00712F49 /* POPAnimationPrivate.h */,
				8931DBA51AE8AF8D00712F49 /* POPAnimationRuntime.h */,
				8931DBA61AE8AF8D00712F49 /* POPAnimationRuntime.mm */,
				8931DBA71AE8AF8D00712F49 /* POPAnimationTracer.h */,
				8931DBA81AE8AF8D00712F49 /* POPAnimationTracer.mm */,
				8931DBA91AE8AF8D00712F49 /* POPAnimationTracerInternal.h */,
				8931DBAA1AE8AF8D00712F49 /* POPAnimator.h */,
				8931DBAB1AE8AF8D00712F49 /* POPAnimator.mm */,
				8931DBAC1AE8AF8D00712F49 /* POPAnimatorPrivate.h */,
				8931DBAD1AE8AF8D00712F49 /* POPBasicAnimation.h */,
				8931DBAE1AE8AF8D00712F49 /* POPBasicAnimation.mm */,
				8931DBAF1AE8AF8D00712F49 /* POPBasicAnimationInternal.h */,
				8931DBB01AE8AF8D00712F49 /* POPCGUtils.h */,
				8931DBB11AE8AF8D00712F49 /* POPCGUtils.mm */,
				8931DBB21AE8AF8D00712F49 /* POPCustomAnimation.h */,
				8931DBB31AE8AF8D00712F49 /* POPCustomAnimation.mm */,
				8931DBB41AE8AF8D00712F49 /* POPDecayAnimation.h */,
				8931DBB51AE8AF8D00712F49 /* POPDecayAnimation.mm */,
				8931DBB61AE8AF8D00712F49 /* POPDecayAnimationInternal.h */,
				8931DBB71AE8AF8D00712F49 /* POPDefines.h */,
				8931DBB81AE8AF8D00712F49 /* POPGeometry.h */,
				8931DBB91AE8AF8D00712F49 /* POPGeometry.mm */,
				8931DBBA1AE8AF8D00712F49 /* POPLayerExtras.h */,
				8931DBBB1AE8AF8D00712F49 /* POPLayerExtras.mm */,
				8931DBBC1AE8AF8D00712F49 /* POPMath.h */,
				8931DBBD1AE8AF8D00712F49 /* POPMath.mm */,
				8931DBBE1AE8AF8D00712F49 /* POPPropertyAnimation.h */,
				8931DBBF1AE8AF8D00712F49 /* POPPropertyAnimation.mm */,
				8931DBC01AE8AF8D00712F49 /* POPPropertyAnimationInternal.h */,
				8931DBC11AE8AF8D00712F49 /* POPSpringAnimation.h */,
				8931DBC21AE8AF8D00712F49 /* POPSpringAnimation.mm */,
				8931DBC31AE8AF8D00712F49 /* POPSpringAnimationInternal.h */,
				8931DBC41AE8AF8D00712F49 /* POPSpringSolver.h */,
				8931DBC51AE8AF8D00712F49 /* POPVector.h */,
				8931DBC61AE8AF8D00712F49 /* POPVector.mm */,
				8931DBC71AE8AF8D00712F49 /* WebCore */,
			);
			path = Lib;
			sourceTree = "<group>";
		};
		8931DBC71AE8AF8D00712F49 /* WebCore */ = {
			isa = PBXGroup;
			children = (
				8931DBC81AE8AF8D00712F49 /* FloatConversion.h */,
				8931DBC91AE8AF8D00712F49 /* TransformationMatrix.cpp */,
				8931DBCA1AE8AF8D00712F49 /* TransformationMatrix.h */,
				8931DBCB1AE8AF8D00712F49 /* UnitBezier.h */,
			);
			path = WebCore;
			sourceTree = "<group>";
		};
		8931DBCC1AE8AF8D00712F49 /* Model */ = {
			isa = PBXGroup;
			children = (
				8931DBCD1AE8AF8D00712F49 /* PopAnimParamModel.h */,
				8931DBCE1AE8AF8D00712F49 /* PopAnimParamModel.m */,
			);
			path = Model;
			sourceTree = "<group>";
		};
		89A5E3F51AE4E6BA001F6535 = {
			isa = PBXGroup;
			children = (
				89A5E4001AE4E6BA001F6535 /* Pop */,
				89A5E41A1AE4E6BA001F6535 /* PopTests */,
				89A5E3FF1AE4E6BA001F6535 /* Products */,
			);
			sourceTree = "<group>";
		};
		89A5E3FF1AE4E6BA001F6535 /* Products */ = {
			isa = PBXGroup;
			children = (
				89A5E3FE1AE4E6BA001F6535 /* Pop.app */,
				89A5E4171AE4E6BA001F6535 /* PopTests.xctest */,
			);
			name = Products;
			sourceTree = "<group>";
		};
		89A5E4001AE4E6BA001F6535 /* Pop */ = {
			isa = PBXGroup;
			children = (
				8931DB891AE8AF8D00712F49 /* Pop */,
				89A5E4051AE4E6BA001F6535 /* AppDelegate.h */,
				89A5E4061AE4E6BA001F6535 /* AppDelegate.m */,
				89A5E4081AE4E6BA001F6535 /* ViewController.h */,
				89A5E4091AE4E6BA001F6535 /* ViewController.m */,
				89A5E40B1AE4E6BA001F6535 /* Main.storyboard */,
				89A5E40E1AE4E6BA001F6535 /* Images.xcassets */,
				89A5E4101AE4E6BA001F6535 /* LaunchScreen.xib */,
				89A5E4011AE4E6BA001F6535 /* Supporting Files */,
			);
			path = Pop;
			sourceTree = "<group>";
		};
		89A5E4011AE4E6BA001F6535 /* Supporting Files */ = {
			isa = PBXGroup;
			children = (
				89A5E4021AE4E6BA001F6535 /* Info.plist */,
				89A5E4031AE4E6BA001F6535 /* main.m */,
			);
			name = "Supporting Files";
			sourceTree = "<group>";
		};
		89A5E41A1AE4E6BA001F6535 /* PopTests */ = {
			isa = PBXGroup;
			children = (
				89A5E41D1AE4E6BA001F6535 /* PopTests.m */,
				89A5E41B1AE4E6BA001F6535 /* Supporting Files */,
			);
			path = PopTests;
			sourceTree = "<group>";
		};
		89A5E41B1AE4E6BA001F6535 /* Supporting Files */ = {
			isa = PBXGroup;
			children = (
				89A5E41C1AE4E6BA001F6535 /* Info.plist */,
			);
			name = "Supporting Files";
			sourceTree = "<group>";
		};
/* End PBXGroup section */

/* Begin PBXNativeTarget section */
		89A5E3FD1AE4E6BA001F6535 /* Pop */ = {
			isa = PBXNativeTarget;
			buildConfigurationList = 89A5E4211AE4E6BA001F6535 /* Build configuration list for PBXNativeTarget "Pop" */;
			buildPhases = (
				89A5E3FA1AE4E6BA001F6535 /* Sources */,
				89A5E3FB1AE4E6BA001F6535 /* Frameworks */,
				89A5E3FC1AE4E6BA001F6535 /* Resources */,
			);
			buildRules = (
			);
			dependencies = (
			);
			name = Pop;
			productName = Pop;
			productReference = 89A5E3FE1AE4E6BA001F6535 /* Pop.app */;
			productType = "com.apple.product-type.application";
		};
		89A5E4161AE4E6BA001F6535 /* PopTests */ = {
			isa = PBXNativeTarget;
			buildConfigurationList = 89A5E4241AE4E6BA001F6535 /* Build configuration list for PBXNativeTarget "PopTests" */;
			buildPhases = (
				89A5E4131AE4E6BA001F6535 /* Sources */,
				89A5E4141AE4E6BA001F6535 /* Frameworks */,
				89A5E4151AE4E6BA001F6535 /* Resources */,
			);
			buildRules = (
			);
			dependencies = (
				89A5E4191AE4E6BA001F6535 /* PBXTargetDependency */,
			);
			name = PopTests;
			productName = PopTests;
			productReference = 89A5E4171AE4E6BA001F6535 /* PopTests.xctest */;
			productType = "com.apple.product-type.bundle.unit-test";
		};
/* End PBXNativeTarget section */

/* Begin PBXProject section */
		89A5E3F61AE4E6BA001F6535 /* Project object */ = {
			isa = PBXProject;
			attributes = {
				LastUpgradeCheck = 0630;
				ORGANIZATIONNAME = "冯成林";
				TargetAttributes = {
					89A5E3FD1AE4E6BA001F6535 = {
						CreatedOnToolsVersion = 6.3;
					};
					89A5E4161AE4E6BA001F6535 = {
						CreatedOnToolsVersion = 6.3;
						TestTargetID = 89A5E3FD1AE4E6BA001F6535;
					};
				};
			};
			buildConfigurationList = 89A5E3F91AE4E6BA001F6535 /* Build configuration list for PBXProject "Pop" */;
			compatibilityVersion = "Xcode 3.2";
			developmentRegion = English;
			hasScannedForEncodings = 0;
			knownRegions = (
				en,
				Base,
			);
			mainGroup = 89A5E3F51AE4E6BA001F6535;
			productRefGroup = 89A5E3FF1AE4E6BA001F6535 /* Products */;
			projectDirPath = "";
			projectRoot = "";
			targets = (
				89A5E3FD1AE4E6BA001F6535 /* Pop */,
				89A5E4161AE4E6BA001F6535 /* PopTests */,
			);
		};
/* End PBXProject section */

/* Begin PBXResourcesBuildPhase section */
		89A5E3FC1AE4E6BA001F6535 /* Resources */ = {
			isa = PBXResourcesBuildPhase;
			buildActionMask = 2147483647;
			files = (
				89A5E40D1AE4E6BA001F6535 /* Main.storyboard in Resources */,
				8931DBD51AE8AF8D00712F49 /* InfoPlist.strings in Resources */,
				89A5E4121AE4E6BA001F6535 /* LaunchScreen.xib in Resources */,
				8931DBD61AE8AF8D00712F49 /* pop-Info.plist in Resources */,
				89A5E40F1AE4E6BA001F6535 /* Images.xcassets in Resources */,
			);
			runOnlyForDeploymentPostprocessing = 0;
		};
		89A5E4151AE4E6BA001F6535 /* Resources */ = {
			isa = PBXResourcesBuildPhase;
			buildActionMask = 2147483647;
			files = (
			);
			runOnlyForDeploymentPostprocessing = 0;
		};
/* End PBXResourcesBuildPhase section */

/* Begin PBXSourcesBuildPhase section */
		89A5E3FA1AE4E6BA001F6535 /* Sources */ = {
			isa = PBXSourcesBuildPhase;
			buildActionMask = 2147483647;
			files = (
				8931DBE01AE8AF8D00712F49 /* POPCustomAnimation.mm in Sources */,
				8931DBE21AE8AF8D00712F49 /* POPGeometry.mm in Sources */,
				8931DBDA1AE8AF8D00712F49 /* POPAnimationExtras.mm in Sources */,
				89A5E40A1AE4E6BA001F6535 /* ViewController.m in Sources */,
				8931DBE11AE8AF8D00712F49 /* POPDecayAnimation.mm in Sources */,
				8931DBDD1AE8AF8D00712F49 /* POPAnimator.mm in Sources */,
				8931DBDC1AE8AF8D00712F49 /* POPAnimationTracer.mm in Sources */,
				8931DBD91AE8AF8D00712F49 /* POPAnimationEvent.mm in Sources */,
				8931DBDE1AE8AF8D00712F49 /* POPBasicAnimation.mm in Sources */,
				89A5E4071AE4E6BA001F6535 /* AppDelegate.m in Sources */,
				8931DBD71AE8AF8D00712F49 /* POPAnimatableProperty.mm in Sources */,
				8931DBE61AE8AF8D00712F49 /* POPSpringAnimation.mm in Sources */,
				8931DBD11AE8AF8D00712F49 /* POPAnimation+Extend.m in Sources */,
				8931DBE31AE8AF8D00712F49 /* POPLayerExtras.mm in Sources */,
				8931DBE81AE8AF8D00712F49 /* TransformationMatrix.cpp in Sources */,
				8931DBE71AE8AF8D00712F49 /* POPVector.mm in Sources */,
				8931DBD21AE8AF8D00712F49 /* POPBasicAnimation+Extend.m in Sources */,
				89A5E4041AE4E6BA001F6535 /* main.m in Sources */,
				8931DBE91AE8AF8D00712F49 /* PopAnimParamModel.m in Sources */,
				8931DBD81AE8AF8D00712F49 /* POPAnimation.mm in Sources */,
				8931DBE41AE8AF8D00712F49 /* POPMath.mm in Sources */,
				8931DBE51AE8AF8D00712F49 /* POPPropertyAnimation.mm in Sources */,
				8931DBEA1AE8AF8D00712F49 /* NSObject+Pop.m in Sources */,
				8931DBDB1AE8AF8D00712F49 /* POPAnimationRuntime.mm in Sources */,
				8931DBD31AE8AF8D00712F49 /* POPDecayAnimation+Extend.m in Sources */,
				8931DBD41AE8AF8D00712F49 /* POPSpringAnimation+Extend.m in Sources */,
				8931DBDF1AE8AF8D00712F49 /* POPCGUtils.mm in Sources */,
			);
			runOnlyForDeploymentPostprocessing = 0;
		};
		89A5E4131AE4E6BA001F6535 /* Sources */ = {
			isa = PBXSourcesBuildPhase;
			buildActionMask = 2147483647;
			files = (
				89A5E41E1AE4E6BA001F6535 /* PopTests.m in Sources */,
			);
			runOnlyForDeploymentPostprocessing = 0;
		};
/* End PBXSourcesBuildPhase section */

/* Begin PBXTargetDependency section */
		89A5E4191AE4E6BA001F6535 /* PBXTargetDependency */ = {
			isa = PBXTargetDependency;
			target = 89A5E3FD1AE4E6BA001F6535 /* Pop */;
			targetProxy = 89A5E4181AE4E6BA001F6535 /* PBXContainerItemProxy */;
		};
/* End PBXTargetDependency section */

/* Begin PBXVariantGroup section */
		8931DB941AE8AF8D00712F49 /* InfoPlist.strings */ = {
			isa = PBXVariantGroup;
			children = (
				8931DB951AE8AF8D00712F49 /* en */,
			);
			name = InfoPlist.strings;
			sourceTree = "<group>";
		};
		89A5E40B1AE4E6BA001F6535 /* Main.storyboard */ = {
			isa = PBXVariantGroup;
			children = (
				89A5E40C1AE4E6BA001F6535 /* Base */,
			);
			name = Main.storyboard;
			sourceTree = "<group>";
		};
		89A5E4101AE4E6BA001F6535 /* LaunchScreen.xib */ = {
			isa = PBXVariantGroup;
			children = (
				89A5E4111AE4E6BA001F6535 /* Base */,
			);
			name = LaunchScreen.xib;
			sourceTree = "<group>";
		};
/* End PBXVariantGroup section */

/* Begin XCBuildConfiguration section */
		89A5E41F1AE4E6BA001F6535 /* Debug */ = {
			isa = XCBuildConfiguration;
			buildSettings = {
				ALWAYS_SEARCH_USER_PATHS = NO;
				CLANG_CXX_LANGUAGE_STANDARD = "gnu++0x";
				CLANG_CXX_LIBRARY = "libc++";
				CLANG_ENABLE_MODULES = YES;
				CLANG_ENABLE_OBJC_ARC = YES;
				CLANG_WARN_BOOL_CONVERSION = YES;
				CLANG_WARN_CONSTANT_CONVERSION = YES;
				CLANG_WARN_DIRECT_OBJC_ISA_USAGE = YES_ERROR;
				CLANG_WARN_EMPTY_BODY = YES;
				CLANG_WARN_ENUM_CONVERSION = YES;
				CLANG_WARN_INT_CONVERSION = YES;
				CLANG_WARN_OBJC_ROOT_CLASS = YES_ERROR;
				CLANG_WARN_UNREACHABLE_CODE = YES;
				CLANG_WARN__DUPLICATE_METHOD_MATCH = YES;
				"CODE_SIGN_IDENTITY[sdk=iphoneos*]" = "iPhone Developer";
				COPY_PHASE_STRIP = NO;
				DEBUG_INFORMATION_FORMAT = "dwarf-with-dsym";
				ENABLE_STRICT_OBJC_MSGSEND = YES;
				GCC_C_LANGUAGE_STANDARD = gnu99;
				GCC_DYNAMIC_NO_PIC = NO;
				GCC_NO_COMMON_BLOCKS = YES;
				GCC_OPTIMIZATION_LEVEL = 0;
				GCC_PREPROCESSOR_DEFINITIONS = (
					"DEBUG=1",
					"$(inherited)",
				);
				GCC_SYMBOLS_PRIVATE_EXTERN = NO;
				GCC_WARN_64_TO_32_BIT_CONVERSION = YES;
				GCC_WARN_ABOUT_RETURN_TYPE = YES_ERROR;
				GCC_WARN_UNDECLARED_SELECTOR = YES;
				GCC_WARN_UNINITIALIZED_AUTOS = YES_AGGRESSIVE;
				GCC_WARN_UNUSED_FUNCTION = YES;
				GCC_WARN_UNUSED_VARIABLE = YES;
				IPHONEOS_DEPLOYMENT_TARGET = 8.3;
				MTL_ENABLE_DEBUG_INFO = YES;
				ONLY_ACTIVE_ARCH = YES;
				SDKROOT = iphoneos;
				TARGETED_DEVICE_FAMILY = "1,2";
			};
			name = Debug;
		};
		89A5E4201AE4E6BA001F6535 /* Release */ = {
			isa = XCBuildConfiguration;
			buildSettings = {
				ALWAYS_SEARCH_USER_PATHS = NO;
				CLANG_CXX_LANGUAGE_STANDARD = "gnu++0x";
				CLANG_CXX_LIBRARY = "libc++";
				CLANG_ENABLE_MODULES = YES;
				CLANG_ENABLE_OBJC_ARC = YES;
				CLANG_WARN_BOOL_CONVERSION = YES;
				CLANG_WARN_CONSTANT_CONVERSION = YES;
				CLANG_WARN_DIRECT_OBJC_ISA_USAGE = YES_ERROR;
				CLANG_WARN_EMPTY_BODY = YES;
				CLANG_WARN_ENUM_CONVERSION = YES;
				CLANG_WARN_INT_CONVERSION = YES;
				CLANG_WARN_OBJC_ROOT_CLASS = YES_ERROR;
				CLANG_WARN_UNREACHABLE_CODE = YES;
				CLANG_WARN__DUPLICATE_METHOD_MATCH = YES;
				"CODE_SIGN_IDENTITY[sdk=iphoneos*]" = "iPhone Developer";
				COPY_PHASE_STRIP = NO;
				DEBUG_INFORMATION_FORMAT = "dwarf-with-dsym";
				ENABLE_NS_ASSERTIONS = NO;
				ENABLE_STRICT_OBJC_MSGSEND = YES;
				GCC_C_LANGUAGE_STANDARD = gnu99;
				GCC_NO_COMMON_BLOCKS = YES;
				GCC_WARN_64_TO_32_BIT_CONVERSION = YES;
				GCC_WARN_ABOUT_RETURN_TYPE = YES_ERROR;
				GCC_WARN_UNDECLARED_SELECTOR = YES;
				GCC_WARN_UNINITIALIZED_AUTOS = YES_AGGRESSIVE;
				GCC_WARN_UNUSED_FUNCTION = YES;
				GCC_WARN_UNUSED_VARIABLE = YES;
				IPHONEOS_DEPLOYMENT_TARGET = 8.3;
				MTL_ENABLE_DEBUG_INFO = NO;
				SDKROOT = iphoneos;
				TARGETED_DEVICE_FAMILY = "1,2";
				VALIDATE_PRODUCT = YES;
			};
			name = Release;
		};
		89A5E4221AE4E6BA001F6535 /* Debug */ = {
			isa = XCBuildConfiguration;
			buildSettings = {
				ASSETCATALOG_COMPILER_APPICON_NAME = AppIcon;
				INFOPLIST_FILE = Pop/Info.plist;
				LD_RUNPATH_SEARCH_PATHS = "$(inherited) @executable_path/Frameworks";
				PRODUCT_NAME = "$(TARGET_NAME)";
			};
			name = Debug;
		};
		89A5E4231AE4E6BA001F6535 /* Release */ = {
			isa = XCBuildConfiguration;
			buildSettings = {
				ASSETCATALOG_COMPILER_APPICON_NAME = AppIcon;
				INFOPLIST_FILE = Pop/Info.plist;
				LD_RUNPATH_SEARCH_PATHS = "$(inherited) @executable_path/Frameworks";
				PRODUCT_NAME = "$(TARGET_NAME)";
			};
			name = Release;
		};
		89A5E4251AE4E6BA001F6535 /* Debug */ = {
			isa = XCBuildConfiguration;
			buildSettings = {
				BUNDLE_LOADER = "$(TEST_HOST)";
				FRAMEWORK_SEARCH_PATHS = (
					"$(SDKROOT)/Developer/Library/Frameworks",
					"$(inherited)",
				);
				GCC_PREPROCESSOR_DEFINITIONS = (
					"DEBUG=1",
					"$(inherited)",
				);
				INFOPLIST_FILE = PopTests/Info.plist;
				LD_RUNPATH_SEARCH_PATHS = "$(inherited) @executable_path/Frameworks @loader_path/Frameworks";
				PRODUCT_NAME = "$(TARGET_NAME)";
				TEST_HOST = "$(BUILT_PRODUCTS_DIR)/Pop.app/Pop";
			};
			name = Debug;
		};
		89A5E4261AE4E6BA001F6535 /* Release */ = {
			isa = XCBuildConfiguration;
			buildSettings = {
				BUNDLE_LOADER = "$(TEST_HOST)";
				FRAMEWORK_SEARCH_PATHS = (
					"$(SDKROOT)/Developer/Library/Frameworks",
					"$(inherited)",
				);
				INFOPLIST_FILE = PopTests/Info.plist;
				LD_RUNPATH_SEARCH_PATHS = "$(inherited) @executable_path/Frameworks @loader_path/Frameworks";
				PRODUCT_NAME = "$(TARGET_NAME)";
				TEST_HOST = "$(BUILT_PRODUCTS_DIR)/Pop.app/Pop";
			};
			name = Release;
		};
/* End XCBuildConfiguration section */

/* Begin XCConfigurationList section */
		89A5E3F91AE4E6BA001F6535 /* Build configuration list for PBXProject "Pop" */ = {
			isa = XCConfigurationList;
			buildConfigurations = (
				89A5E41F1AE4E6BA001F6535 /* Debug */,
				89A5E4201AE4E6BA001F6535 /* Release */,
			);
			defaultConfigurationIsVisible = 0;
			defaultConfigurationName = Release;
		};
		89A5E4211AE4E6BA001F6535 /* Build configuration list for PBXNativeTarget "Pop" */ = {
			isa = XCConfigurationList;
			buildConfigurations = (
				89A5E4221AE4E6BA001F6535 /* Debug */,
				89A5E4231AE4E6BA001F6535 /* Release */,
			);
			defaultConfigurationIsVisible = 0;
			defaultConfigurationName = Release;
		};
		89A5E4241AE4E6BA001F6535 /* Build configuration list for PBXNativeTarget "PopTests" */ = {
			isa = XCConfigurationList;
			buildConfigurations = (
				89A5E4251AE4E6BA001F6535 /* Debug */,
				89A5E4261AE4E6BA001F6535 /* Release */,
			);
			defaultConfigurationIsVisible = 0;
			defaultConfigurationName = Release;
		};
/* End XCConfigurationList section */
	};
	rootObject = 89A5E3F61AE4E6BA001F6535 /* Project object */;
}
